// !$*UTF8*$!
{
	archiveVersion = 1;
	classes = {
	};
	objectVersion = 56;
	objects = {

/* Begin PBXBuildFile section */
		5B0B2D902AD80DFA00362C14 /* Popup.swift in Sources */ = {isa = PBXBuildFile; fileRef = 5B0B2D8F2AD80DFA00362C14 /* Popup.swift */; };
		5BBBCA342ACCA6C30065F808 /* AppDelegate.swift in Sources */ = {isa = PBXBuildFile; fileRef = 5BBBCA332ACCA6C30065F808 /* AppDelegate.swift */; };
		5BBBCA362ACCA6C80065F808 /* Assets.xcassets in Resources */ = {isa = PBXBuildFile; fileRef = 5BBBCA352ACCA6C80065F808 /* Assets.xcassets */; };
		5BBBCA392ACCA6C80065F808 /* MainMenu.xib in Resources */ = {isa = PBXBuildFile; fileRef = 5BBBCA372ACCA6C80065F808 /* MainMenu.xib */; };
		5BBBCA432ACCAFBF0065F808 /* CellView.swift in Sources */ = {isa = PBXBuildFile; fileRef = 5BBBCA422ACCAFBF0065F808 /* CellView.swift */; };
		5BBBCA4B2ACDB2580065F808 /* Wordle.swift in Sources */ = {isa = PBXBuildFile; fileRef = 5BBBCA4A2ACDB2580065F808 /* Wordle.swift */; };
		5BBBCA4D2ACE03DD0065F808 /* Database.swift in Sources */ = {isa = PBXBuildFile; fileRef = 5BBBCA4C2ACE03DD0065F808 /* Database.swift */; };
		5BC73BBF2AD6111C00B18D1A /* Animations.swift in Sources */ = {isa = PBXBuildFile; fileRef = 5BC73BBE2AD6111C00B18D1A /* Animations.swift */; };
		5BC73BC92AD71EE500B18D1A /* Answers.txt in Resources */ = {isa = PBXBuildFile; fileRef = 5BC73BC82AD71EE500B18D1A /* Answers.txt */; };
		5BC73BCB2AD721AA00B18D1A /* Possibles.csv in Resources */ = {isa = PBXBuildFile; fileRef = 5BC73BCA2AD721AA00B18D1A /* Possibles.csv */; };
/* End PBXBuildFile section */

/* Begin PBXFileReference section */
		5B0B2D8F2AD80DFA00362C14 /* Popup.swift */ = {isa = PBXFileReference; explicitFileType = sourcecode.swift; path = Popup.swift; sourceTree = "<group>"; };
		5BBBCA302ACCA6C30065F808 /* Wordle.app */ = {isa = PBXFileReference; explicitFileType = wrapper.application; includeInIndex = 0; path = Wordle.app; sourceTree = BUILT_PRODUCTS_DIR; };
		5BBBCA332ACCA6C30065F808 /* AppDelegate.swift */ = {isa = PBXFileReference; lastKnownFileType = sourcecode.swift; path = AppDelegate.swift; sourceTree = "<group>"; };
		5BBBCA352ACCA6C80065F808 /* Assets.xcassets */ = {isa = PBXFileReference; lastKnownFileType = folder.assetcatalog; path = Assets.xcassets; sourceTree = "<group>"; };
		5BBBCA382ACCA6C80065F808 /* Base */ = {isa = PBXFileReference; lastKnownFileType = file.xib; name = Base; path = Base.lproj/MainMenu.xib; sourceTree = "<group>"; };
		5BBBCA3A2ACCA6C80065F808 /* Wordle.entitlements */ = {isa = PBXFileReference; lastKnownFileType = text.plist.entitlements; path = Wordle.entitlements; sourceTree = "<group>"; };
		5BBBCA422ACCAFBF0065F808 /* CellView.swift */ = {isa = PBXFileReference; lastKnownFileType = sourcecode.swift; path = CellView.swift; sourceTree = "<group>"; };
		5BBBCA4A2ACDB2580065F808 /* Wordle.swift */ = {isa = PBXFileReference; lastKnownFileType = sourcecode.swift; path = Wordle.swift; sourceTree = "<group>"; };
		5BBBCA4C2ACE03DD0065F808 /* Database.swift */ = {isa = PBXFileReference; lastKnownFileType = sourcecode.swift; path = Database.swift; sourceTree = "<group>"; };
		5BBBCA4E2ACE1E200065F808 /* Bugs.markdown */ = {isa = PBXFileReference; lastKnownFileType = net.daringfireball.markdown; path = Bugs.markdown; sourceTree = "<group>"; };
		5BBBCA4F2AD1D7100065F808 /* AlertProblem.markdown */ = {isa = PBXFileReference; lastKnownFileType = net.daringfireball.markdown; path = AlertProblem.markdown; sourceTree = "<group>"; };
		5BC73BBE2AD6111C00B18D1A /* Animations.swift */ = {isa = PBXFileReference; lastKnownFileType = sourcecode.swift; path = Animations.swift; sourceTree = "<group>"; };
		5BC73BC12AD6C29C00B18D1A /* ViewNibLoader.swift */ = {isa = PBXFileReference; lastKnownFileType = sourcecode.swift; path = ViewNibLoader.swift; sourceTree = "<group>"; };
		5BC73BC82AD71EE500B18D1A /* Answers.txt */ = {isa = PBXFileReference; lastKnownFileType = text; path = Answers.txt; sourceTree = "<group>"; };
		5BC73BCA2AD721AA00B18D1A /* Possibles.csv */ = {isa = PBXFileReference; lastKnownFileType = text; path = Possibles.csv; sourceTree = "<group>"; };
/* End PBXFileReference section */

/* Begin PBXFrameworksBuildPhase section */
		5BBBCA2D2ACCA6C30065F808 /* Frameworks */ = {
			isa = PBXFrameworksBuildPhase;
			buildActionMask = 2147483647;
			files = (
			);
			runOnlyForDeploymentPostprocessing = 0;
		};
/* End PBXFrameworksBuildPhase section */

/* Begin PBXGroup section */
		5BBBCA272ACCA6C30065F808 = {
			isa = PBXGroup;
			children = (
				5BC73BC02AD6C25800B18D1A /* Auxilia */,
				5BBBCA322ACCA6C30065F808 /* Wordle */,
				5BBBCA312ACCA6C30065F808 /* Products */,
			);
			sourceTree = "<group>";
		};
		5BBBCA312ACCA6C30065F808 /* Products */ = {
			isa = PBXGroup;
			children = (
				5BBBCA302ACCA6C30065F808 /* Wordle.app */,
			);
			name = Products;
			sourceTree = "<group>";
		};
		5BBBCA322ACCA6C30065F808 /* Wordle */ = {
			isa = PBXGroup;
			children = (
				5BBBCA332ACCA6C30065F808 /* AppDelegate.swift */,
				5BBBCA352ACCA6C80065F808 /* Assets.xcassets */,
				5BBBCA372ACCA6C80065F808 /* MainMenu.xib */,
				5BBBCA3A2ACCA6C80065F808 /* Wordle.entitlements */,
				5BBBCA4A2ACDB2580065F808 /* Wordle.swift */,
				5BBBCA422ACCAFBF0065F808 /* CellView.swift */,
				5BC73BBE2AD6111C00B18D1A /* Animations.swift */,
				5BBBCA4C2ACE03DD0065F808 /* Database.swift */,
				5B0B2D8F2AD80DFA00362C14 /* Popup.swift */,
				5BC73BCC2AD721DD00B18D1A /* Data */,
			);
			path = Wordle;
			sourceTree = "<group>";
		};
		5BC73BC02AD6C25800B18D1A /* Auxilia */ = {
			isa = PBXGroup;
			children = (
				5BBBCA4F2AD1D7100065F808 /* AlertProblem.markdown */,
				5BBBCA4E2ACE1E200065F808 /* Bugs.markdown */,
				5BC73BC12AD6C29C00B18D1A /* ViewNibLoader.swift */,
			);
			path = Auxilia;
			sourceTree = "<group>";
		};
		5BC73BCC2AD721DD00B18D1A /* Data */ = {
			isa = PBXGroup;
			children = (
				5BC73BC82AD71EE500B18D1A /* Answers.txt */,
				5BC73BCA2AD721AA00B18D1A /* Possibles.csv */,
			);
			path = Data;
			sourceTree = "<group>";
		};
/* End PBXGroup section */

/* Begin PBXNativeTarget section */
		5BBBCA2F2ACCA6C30065F808 /* Wordle */ = {
			isa = PBXNativeTarget;
			buildConfigurationList = 5BBBCA3D2ACCA6C80065F808 /* Build configuration list for PBXNativeTarget "Wordle" */;
			buildPhases = (
				5BBBCA2C2ACCA6C30065F808 /* Sources */,
				5BBBCA2D2ACCA6C30065F808 /* Frameworks */,
				5BBBCA2E2ACCA6C30065F808 /* Resources */,
			);
			buildRules = (
			);
			dependencies = (
			);
			name = Wordle;
			productName = Wordle;
			productReference = 5BBBCA302ACCA6C30065F808 /* Wordle.app */;
			productType = "com.apple.product-type.application";
		};
/* End PBXNativeTarget section */

/* Begin PBXProject section */
		5BBBCA282ACCA6C30065F808 /* Project object */ = {
			isa = PBXProject;
			attributes = {
				BuildIndependentTargetsInParallel = 1;
				LastSwiftUpdateCheck = 1500;
				LastUpgradeCheck = 1500;
				TargetAttributes = {
					5BBBCA2F2ACCA6C30065F808 = {
						CreatedOnToolsVersion = 15.0;
					};
				};
			};
			buildConfigurationList = 5BBBCA2B2ACCA6C30065F808 /* Build configuration list for PBXProject "Wordle" */;
			compatibilityVersion = "Xcode 14.0";
			developmentRegion = en;
			hasScannedForEncodings = 0;
			knownRegions = (
				en,
				Base,
			);
			mainGroup = 5BBBCA272ACCA6C30065F808;
			productRefGroup = 5BBBCA312ACCA6C30065F808 /* Products */;
			projectDirPath = "";
			projectRoot = "";
			targets = (
				5BBBCA2F2ACCA6C30065F808 /* Wordle */,
			);
		};
/* End PBXProject section */

/* Begin PBXResourcesBuildPhase section */
		5BBBCA2E2ACCA6C30065F808 /* Resources */ = {
			isa = PBXResourcesBuildPhase;
			buildActionMask = 2147483647;
			files = (
				5BC73BC92AD71EE500B18D1A /* Answers.txt in Resources */,
				5BBBCA362ACCA6C80065F808 /* Assets.xcassets in Resources */,
				5BC73BCB2AD721AA00B18D1A /* Possibles.csv in Resources */,
				5BBBCA392ACCA6C80065F808 /* MainMenu.xib in Resources */,
			);
			runOnlyForDeploymentPostprocessing = 0;
		};
/* End PBXResourcesBuildPhase section */

/* Begin PBXSourcesBuildPhase section */
		5BBBCA2C2ACCA6C30065F808 /* Sources */ = {
			isa = PBXSourcesBuildPhase;
			buildActionMask = 2147483647;
			files = (
				5BBBCA4B2ACDB2580065F808 /* Wordle.swift in Sources */,
				5BC73BBF2AD6111C00B18D1A /* Animations.swift in Sources */,
				5B0B2D902AD80DFA00362C14 /* Popup.swift in Sources */,
				5BBBCA432ACCAFBF0065F808 /* CellView.swift in Sources */,
				5BBBCA342ACCA6C30065F808 /* AppDelegate.swift in Sources */,
				5BBBCA4D2ACE03DD0065F808 /* Database.swift in Sources */,
			);
			runOnlyForDeploymentPostprocessing = 0;
		};
/* End PBXSourcesBuildPhase section */

/* Begin PBXVariantGroup section */
		5BBBCA372ACCA6C80065F808 /* MainMenu.xib */ = {
			isa = PBXVariantGroup;
			children = (
				5BBBCA382ACCA6C80065F808 /* Base */,
			);
			name = MainMenu.xib;
			sourceTree = "<group>";
		};
/* End PBXVariantGroup section */

/* Begin XCBuildConfiguration section */
		5BBBCA3B2ACCA6C80065F808 /* Debug */ = {
			isa = XCBuildConfiguration;
			buildSettings = {
				ALWAYS_SEARCH_USER_PATHS = NO;
				ASSETCATALOG_COMPILER_GENERATE_SWIFT_ASSET_SYMBOL_EXTENSIONS = YES;
				CLANG_ANALYZER_NONNULL = YES;
				CLANG_ANALYZER_NUMBER_OBJECT_CONVERSION = YES_AGGRESSIVE;
				CLANG_CXX_LANGUAGE_STANDARD = "gnu++20";
				CLANG_ENABLE_MODULES = YES;
				CLANG_ENABLE_OBJC_ARC = YES;
				CLANG_ENABLE_OBJC_WEAK = YES;
				CLANG_WARN_BLOCK_CAPTURE_AUTORELEASING = YES;
				CLANG_WARN_BOOL_CONVERSION = YES;
				CLANG_WARN_COMMA = YES;
				CLANG_WARN_CONSTANT_CONVERSION = YES;
				CLANG_WARN_DEPRECATED_OBJC_IMPLEMENTATIONS = YES;
				CLANG_WARN_DIRECT_OBJC_ISA_USAGE = YES_ERROR;
				CLANG_WARN_DOCUMENTATION_COMMENTS = YES;
				CLANG_WARN_EMPTY_BODY = YES;
				CLANG_WARN_ENUM_CONVERSION = YES;
				CLANG_WARN_INFINITE_RECURSION = YES;
				CLANG_WARN_INT_CONVERSION = YES;
				CLANG_WARN_NON_LITERAL_NULL_CONVERSION = YES;
				CLANG_WARN_OBJC_IMPLICIT_RETAIN_SELF = YES;
				CLANG_WARN_OBJC_LITERAL_CONVERSION = YES;
				CLANG_WARN_OBJC_ROOT_CLASS = YES_ERROR;
				CLANG_WARN_QUOTED_INCLUDE_IN_FRAMEWORK_HEADER = YES;
				CLANG_WARN_RANGE_LOOP_ANALYSIS = YES;
				CLANG_WARN_STRICT_PROTOTYPES = YES;
				CLANG_WARN_SUSPICIOUS_MOVE = YES;
				CLANG_WARN_UNGUARDED_AVAILABILITY = YES_AGGRESSIVE;
				CLANG_WARN_UNREACHABLE_CODE = YES;
				CLANG_WARN__DUPLICATE_METHOD_MATCH = YES;
				COPY_PHASE_STRIP = NO;
				DEBUG_INFORMATION_FORMAT = dwarf;
				ENABLE_STRICT_OBJC_MSGSEND = YES;
				ENABLE_TESTABILITY = YES;
				ENABLE_USER_SCRIPT_SANDBOXING = YES;
				GCC_C_LANGUAGE_STANDARD = gnu17;
				GCC_DYNAMIC_NO_PIC = NO;
				GCC_NO_COMMON_BLOCKS = YES;
				GCC_OPTIMIZATION_LEVEL = 0;
				GCC_PREPROCESSOR_DEFINITIONS = (
					"DEBUG=1",
					"$(inherited)",
				);
				GCC_WARN_64_TO_32_BIT_CONVERSION = YES;
				GCC_WARN_ABOUT_RETURN_TYPE = YES_ERROR;
				GCC_WARN_UNDECLARED_SELECTOR = YES;
				GCC_WARN_UNINITIALIZED_AUTOS = YES_AGGRESSIVE;
				GCC_WARN_UNUSED_FUNCTION = YES;
				GCC_WARN_UNUSED_VARIABLE = YES;
				LOCALIZATION_PREFERS_STRING_CATALOGS = YES;
				MACOSX_DEPLOYMENT_TARGET = 14.0;
				MTL_ENABLE_DEBUG_INFO = INCLUDE_SOURCE;
				MTL_FAST_MATH = YES;
				ONLY_ACTIVE_ARCH = YES;
				SDKROOT = macosx;
				SWIFT_ACTIVE_COMPILATION_CONDITIONS = "DEBUG $(inherited)";
				SWIFT_OPTIMIZATION_LEVEL = "-Onone";
			};
			name = Debug;
		};
		5BBBCA3C2ACCA6C80065F808 /* Release */ = {
			isa = XCBuildConfiguration;
			buildSettings = {
				ALWAYS_SEARCH_USER_PATHS = NO;
				ASSETCATALOG_COMPILER_GENERATE_SWIFT_ASSET_SYMBOL_EXTENSIONS = YES;
				CLANG_ANALYZER_NONNULL = YES;
				CLANG_ANALYZER_NUMBER_OBJECT_CONVERSION = YES_AGGRESSIVE;
				CLANG_CXX_LANGUAGE_STANDARD = "gnu++20";
				CLANG_ENABLE_MODULES = YES;
				CLANG_ENABLE_OBJC_ARC = YES;
				CLANG_ENABLE_OBJC_WEAK = YES;
				CLANG_WARN_BLOCK_CAPTURE_AUTORELEASING = YES;
				CLANG_WARN_BOOL_CONVERSION = YES;
				CLANG_WARN_COMMA = YES;
				CLANG_WARN_CONSTANT_CONVERSION = YES;
				CLANG_WARN_DEPRECATED_OBJC_IMPLEMENTATIONS = YES;
				CLANG_WARN_DIRECT_OBJC_ISA_USAGE = YES_ERROR;
				CLANG_WARN_DOCUMENTATION_COMMENTS = YES;
				CLANG_WARN_EMPTY_BODY = YES;
				CLANG_WARN_ENUM_CONVERSION = YES;
				CLANG_WARN_INFINITE_RECURSION = YES;
				CLANG_WARN_INT_CONVERSION = YES;
				CLANG_WARN_NON_LITERAL_NULL_CONVERSION = YES;
				CLANG_WARN_OBJC_IMPLICIT_RETAIN_SELF = YES;
				CLANG_WARN_OBJC_LITERAL_CONVERSION = YES;
				CLANG_WARN_OBJC_ROOT_CLASS = YES_ERROR;
				CLANG_WARN_QUOTED_INCLUDE_IN_FRAMEWORK_HEADER = YES;
				CLANG_WARN_RANGE_LOOP_ANALYSIS = YES;
				CLANG_WARN_STRICT_PROTOTYPES = YES;
				CLANG_WARN_SUSPICIOUS_MOVE = YES;
				CLANG_WARN_UNGUARDED_AVAILABILITY = YES_AGGRESSIVE;
				CLANG_WARN_UNREACHABLE_CODE = YES;
				CLANG_WARN__DUPLICATE_METHOD_MATCH = YES;
				COPY_PHASE_STRIP = NO;
				DEBUG_INFORMATION_FORMAT = "dwarf-with-dsym";
				ENABLE_NS_ASSERTIONS = NO;
				ENABLE_STRICT_OBJC_MSGSEND = YES;
				ENABLE_USER_SCRIPT_SANDBOXING = YES;
				GCC_C_LANGUAGE_STANDARD = gnu17;
				GCC_NO_COMMON_BLOCKS = YES;
				GCC_WARN_64_TO_32_BIT_CONVERSION = YES;
				GCC_WARN_ABOUT_RETURN_TYPE = YES_ERROR;
				GCC_WARN_UNDECLARED_SELECTOR = YES;
				GCC_WARN_UNINITIALIZED_AUTOS = YES_AGGRESSIVE;
				GCC_WARN_UNUSED_FUNCTION = YES;
				GCC_WARN_UNUSED_VARIABLE = YES;
				LOCALIZATION_PREFERS_STRING_CATALOGS = YES;
				MACOSX_DEPLOYMENT_TARGET = 14.0;
				MTL_ENABLE_DEBUG_INFO = NO;
				MTL_FAST_MATH = YES;
				SDKROOT = macosx;
				SWIFT_COMPILATION_MODE = wholemodule;
			};
			name = Release;
		};
		5BBBCA3E2ACCA6C80065F808 /* Debug */ = {
			isa = XCBuildConfiguration;
			buildSettings = {
				ASSETCATALOG_COMPILER_APPICON_NAME = AppIcon;
				ASSETCATALOG_COMPILER_GLOBAL_ACCENT_COLOR_NAME = AccentColor;
				CODE_SIGN_ENTITLEMENTS = Wordle/Wordle.entitlements;
				CODE_SIGN_STYLE = Automatic;
				COMBINE_HIDPI_IMAGES = YES;
				CURRENT_PROJECT_VERSION = 1;
				DEVELOPMENT_TEAM = HW67WXVJGN;
				ENABLE_HARDENED_RUNTIME = YES;
				GENERATE_INFOPLIST_FILE = YES;
				INFOPLIST_KEY_NSHumanReadableCopyright = "";
				INFOPLIST_KEY_NSMainNibFile = MainMenu;
				INFOPLIST_KEY_NSPrincipalClass = NSApplication;
				LD_RUNPATH_SEARCH_PATHS = (
					"$(inherited)",
					"@executable_path/../Frameworks",
				);
				MARKETING_VERSION = 1.1;
				PRODUCT_BUNDLE_IDENTIFIER = BernardGreenberg.Wordle;
				PRODUCT_NAME = "$(TARGET_NAME)";
				SWIFT_EMIT_LOC_STRINGS = YES;
				SWIFT_VERSION = 5.0;
			};
			name = Debug;
		};
		5BBBCA3F2ACCA6C80065F808 /* Release */ = {
			isa = XCBuildConfiguration;
			buildSettings = {
				ASSETCATALOG_COMPILER_APPICON_NAME = AppIcon;
				ASSETCATALOG_COMPILER_GLOBAL_ACCENT_COLOR_NAME = AccentColor;
				CODE_SIGN_ENTITLEMENTS = Wordle/Wordle.entitlements;
				CODE_SIGN_STYLE = Automatic;
				COMBINE_HIDPI_IMAGES = YES;
				CURRENT_PROJECT_VERSION = 1;
				DEVELOPMENT_TEAM = HW67WXVJGN;
				ENABLE_HARDENED_RUNTIME = YES;
				GENERATE_INFOPLIST_FILE = YES;
				INFOPLIST_KEY_NSHumanReadableCopyright = "";
				INFOPLIST_KEY_NSMainNibFile = MainMenu;
				INFOPLIST_KEY_NSPrincipalClass = NSApplication;
				LD_RUNPATH_SEARCH_PATHS = (
					"$(inherited)",
					"@executable_path/../Frameworks",
				);
				MARKETING_VERSION = 1.1;
				PRODUCT_BUNDLE_IDENTIFIER = BernardGreenberg.Wordle;
				PRODUCT_NAME = "$(TARGET_NAME)";
				SWIFT_EMIT_LOC_STRINGS = YES;
				SWIFT_VERSION = 5.0;
			};
			name = Release;
		};
/* End XCBuildConfiguration section */

/* Begin XCConfigurationList section */
		5BBBCA2B2ACCA6C30065F808 /* Build configuration list for PBXProject "Wordle" */ = {
			isa = XCConfigurationList;
			buildConfigurations = (
				5BBBCA3B2ACCA6C80065F808 /* Debug */,
				5BBBCA3C2ACCA6C80065F808 /* Release */,
			);
			defaultConfigurationIsVisible = 0;
			defaultConfigurationName = Release;
		};
		5BBBCA3D2ACCA6C80065F808 /* Build configuration list for PBXNativeTarget "Wordle" */ = {
			isa = XCConfigurationList;
			buildConfigurations = (
				5BBBCA3E2ACCA6C80065F808 /* Debug */,
				5BBBCA3F2ACCA6C80065F808 /* Release */,
			);
			defaultConfigurationIsVisible = 0;
			defaultConfigurationName = Release;
		};
/* End XCConfigurationList section */
	};
	rootObject = 5BBBCA282ACCA6C30065F808 /* Project object */;
}
